
Microsoft Visual Studio Solution File, Format Version 12.00
# Visual Studio Version 17
VisualStudioVersion = 17.8.34525.116
MinimumVisualStudioVersion = 10.0.40219.1
Project("{9A19103F-16F7-4668-BE54-9A1E7A4F7556}") = "DataAccess", "DataAccess\DataAccess.csproj", "{8E54603F-54D2-40F4-95C0-BE39BB2057CA}"
EndProject
Project("{9A19103F-16F7-4668-BE54-9A1E7A4F7556}") = "Business", "Business\Business.csproj", "{5AE30FC1-52CA-4FED-BC96-018EE2CA279A}"
EndProject
Project("{9A19103F-16F7-4668-BE54-9A1E7A4F7556}") = "Entities", "Entities\Entities.csproj", "{7945D069-AC57-4D8E-93F6-B00A4A4BFB15}"
EndProject
Project("{9A19103F-16F7-4668-BE54-9A1E7A4F7556}") = "ConsoleUI", "ConsoleUI\ConsoleUI.csproj", "{A90D66A9-3163-45B3-BB17-A14486231123}"
EndProject
Project("{9A19103F-16F7-4668-BE54-9A1E7A4F7556}") = "Core", "Core\Core.csproj", "{23912D84-F76B-4347-BF14-1D4F1C6CAC30}"
EndProject
Project("{FAE04EC0-301F-11D3-BF4B-00C04F79EFBC}") = "WebAPI", "WebAPI\WebAPI.csproj", "{F21726A6-B220-4217-A1CC-5E59309077BB}"
EndProject
Global
	GlobalSection(SolutionConfigurationPlatforms) = preSolution
		Debug|Any CPU = Debug|Any CPU
		Release|Any CPU = Release|Any CPU
	EndGlobalSection
	GlobalSection(ProjectConfigurationPlatforms) = postSolution
		{8E54603F-54D2-40F4-95C0-BE39BB2057CA}.Debug|Any CPU.ActiveCfg = Debug|Any CPU
		{8E54603F-54D2-40F4-95C0-BE39BB2057CA}.Debug|Any CPU.Build.0 = Debug|Any CPU
		{8E54603F-54D2-40F4-95C0-BE39BB2057CA}.Release|Any CPU.ActiveCfg = Release|Any CPU
		{8E54603F-54D2-40F4-95C0-BE39BB2057CA}.Release|Any CPU.Build.0 = Release|Any CPU
		{5AE30FC1-52CA-4FED-BC96-018EE2CA279A}.Debug|Any CPU.ActiveCfg = Debug|Any CPU
		{5AE30FC1-52CA-4FED-BC96-018EE2CA279A}.Debug|Any CPU.Build.0 = Debug|Any CPU
		{5AE30FC1-52CA-4FED-BC96-018EE2CA279A}.Release|Any CPU.ActiveCfg = Release|Any CPU
		{5AE30FC1-52CA-4FED-BC96-018EE2CA279A}.Release|Any CPU.Build.0 = Release|Any CPU
		{7945D069-AC57-4D8E-93F6-B00A4A4BFB15}.Debug|Any CPU.ActiveCfg = Debug|Any CPU
		{7945D069-AC57-4D8E-93F6-B00A4A4BFB15}.Debug|Any CPU.Build.0 = Debug|Any CPU
		{7945D069-AC57-4D8E-93F6-B00A4A4BFB15}.Release|Any CPU.ActiveCfg = Release|Any CPU
		{7945D069-AC57-4D8E-93F6-B00A4A4BFB15}.Release|Any CPU.Build.0 = Release|Any CPU
		{A90D66A9-3163-45B3-BB17-A14486231123}.Debug|Any CPU.ActiveCfg = Debug|Any CPU
		{A90D66A9-3163-45B3-BB17-A14486231123}.Debug|Any CPU.Build.0 = Debug|Any CPU
		{A90D66A9-3163-45B3-BB17-A14486231123}.Release|Any CPU.ActiveCfg = Release|Any CPU
		{A90D66A9-3163-45B3-BB17-A14486231123}.Release|Any CPU.Build.0 = Release|Any CPU
		{23912D84-F76B-4347-BF14-1D4F1C6CAC30}.Debug|Any CPU.ActiveCfg = Debug|Any CPU
		{23912D84-F76B-4347-BF14-1D4F1C6CAC30}.Debug|Any CPU.Build.0 = Debug|Any CPU
		{23912D84-F76B-4347-BF14-1D4F1C6CAC30}.Release|Any CPU.ActiveCfg = Release|Any CPU
		{23912D84-F76B-4347-BF14-1D4F1C6CAC30}.Release|Any CPU.Build.0 = Release|Any CPU
		{F21726A6-B220-4217-A1CC-5E59309077BB}.Debug|Any CPU.ActiveCfg = Debug|Any CPU
		{F21726A6-B220-4217-A1CC-5E59309077BB}.Debug|Any CPU.Build.0 = Debug|Any CPU
		{F21726A6-B220-4217-A1CC-5E59309077BB}.Release|Any CPU.ActiveCfg = Release|Any CPU
		{F21726A6-B220-4217-A1CC-5E59309077BB}.Release|Any CPU.Build.0 = Release|Any CPU
	EndGlobalSection
	GlobalSection(SolutionProperties) = preSolution
		HideSolutionNode = FALSE
	EndGlobalSection
	GlobalSection(ExtensibilityGlobals) = postSolution
		SolutionGuid = {5E5ECA7C-26D2-47C3-AB69-5E746969CEF7}
	EndGlobalSection
EndGlobal
